version = 1
revision = 3
requires-python = ">=3.10"

[[package]]
name = "asyncio"
version = "4.0.0"
source = { registry = "https://pypi.org/simple" }
sdist = { url = "https://files.pythonhosted.org/packages/71/ea/26c489a11f7ca862d5705db67683a7361ce11c23a7b98fc6c2deaeccede2/asyncio-4.0.0.tar.gz", hash = "sha256:570cd9e50db83bc1629152d4d0b7558d6451bb1bfd5dfc2e935d96fc2f40329b", size = 5371, upload-time = "2025-08-05T02:51:46.605Z" }
wheels = [
    { url = "https://files.pythonhosted.org/packages/57/64/eff2564783bd650ca25e15938d1c5b459cda997574a510f7de69688cb0b4/asyncio-4.0.0-py3-none-any.whl", hash = "sha256:c1eddb0659231837046809e68103969b2bef8b0400d59cfa6363f6b5ed8cc88b", size = 5555, upload-time = "2025-08-05T02:51:45.767Z" },
]

[[package]]
name = "i2cdevice"
version = "1.0.0"
source = { registry = "https://pypi.org/simple" }
dependencies = [
    { name = "smbus2" },
]
sdist = { url = "https://files.pythonhosted.org/packages/c3/9f/017fbfac4f1c69be128b59f432a16d5d9559794c1975c926bd549596bbfe/i2cdevice-1.0.0.tar.gz", hash = "sha256:a9a5d1666a11b6733d16c73f148fc85cba767dd1b976e5bcc56ad970986c96c4", size = 17023, upload-time = "2023-10-30T11:59:46.688Z" }
wheels = [
    { url = "https://files.pythonhosted.org/packages/25/0c/38c1b44e9233378fad579ce89040d934d12c53ed8536982ad26a6a3bab7f/i2cdevice-1.0.0-py3-none-any.whl", hash = "sha256:595cfa3815aab4d8a4bbe1cbd4a4e1271d56cf7c1de367eab6a94dd80566f0c1", size = 10801, upload-time = "2023-10-30T11:59:43.562Z" },
]

[[package]]
name = "pimoroni-bme280"
version = "1.0.0"
source = { registry = "https://pypi.org/simple" }
dependencies = [
    { name = "i2cdevice" },
]
sdist = { url = "https://files.pythonhosted.org/packages/69/6e/9b34cf9149e23fdd521440ae6a2786e77d542a4ccefef8bc2d00341a1f71/pimoroni_bme280-1.0.0.tar.gz", hash = "sha256:2cafc2b636535c5dc01df37c0b0bd8c0b5d0228da23a177ec8884c31db3ec05c", size = 13125, upload-time = "2023-11-15T11:12:56.48Z" }
wheels = [
    { url = "https://files.pythonhosted.org/packages/36/6c/76303eaaf79a2e8c68b00875fa8191c422639568e4dc9a3c5ec5b9a34604/pimoroni_bme280-1.0.0-py3-none-any.whl", hash = "sha256:7415a037ba3dd14ce40d705bb006e02f53b276c72aef75fda5ea86daef666a4f", size = 7808, upload-time = "2023-11-15T11:12:54.934Z" },
]

[[package]]
name = "python-periphery"
version = "2.4.1"
source = { registry = "https://pypi.org/simple" }
sdist = { url = "https://files.pythonhosted.org/packages/df/f1/1a986ad2bb696033168db2121151e5ff90df033af780ffca47c8bb559f29/python-periphery-2.4.1.tar.gz", hash = "sha256:61d461d736982a6f766e878720ab10a68151e2e8c1086600d9389ac47e40e88a", size = 35407, upload-time = "2023-04-21T06:19:22.056Z" }
wheels = [
    { url = "https://files.pythonhosted.org/packages/0a/b8/423ab1d47cb61efc54461107177abb69a1390ac84885eff3ba83a00fd8f4/python_periphery-2.4.1-py2.py3-none-any.whl", hash = "sha256:8ab14002e7520966fae7a3b9c56d98ddaf4c1b78c5f5b2c7153cedc3846fd56a", size = 36362, upload-time = "2023-04-21T06:19:20.176Z" },
]

[[package]]
name = "rover-tests"
version = "0.1.0"
source = { virtual = "." }
dependencies = [
    { name = "asyncio" },
    { name = "pimoroni-bme280" },
    { name = "python-periphery" },
    { name = "ruff" },
    { name = "smbus" },
]

[package.metadata]
requires-dist = [
    { name = "asyncio", specifier = ">=4.0.0" },
    { name = "pimoroni-bme280", specifier = ">=1.0.0" },
    { name = "python-periphery", specifier = ">=2.4.1" },
    { name = "ruff", specifier = ">=0.14.8" },
    { name = "smbus", specifier = ">=1.1.post2" },
]

[[package]]
name = "ruff"
version = "0.14.8"
source = { registry = "https://pypi.org/simple" }
sdist = { url = "https://files.pythonhosted.org/packages/ed/d9/f7a0c4b3a2bf2556cd5d99b05372c29980249ef71e8e32669ba77428c82c/ruff-0.14.8.tar.gz", hash = "sha256:774ed0dd87d6ce925e3b8496feb3a00ac564bea52b9feb551ecd17e0a23d1eed", size = 5765385, upload-time = "2025-12-04T15:06:17.669Z" }
wheels = [
    { url = "https://files.pythonhosted.org/packages/48/b8/9537b52010134b1d2b72870cc3f92d5fb759394094741b09ceccae183fbe/ruff-0.14.8-py3-none-linux_armv6l.whl", hash = "sha256:ec071e9c82eca417f6111fd39f7043acb53cd3fde9b1f95bbed745962e345afb", size = 13441540, upload-time = "2025-12-04T15:06:14.896Z" },
    { url = "https://files.pythonhosted.org/packages/24/00/99031684efb025829713682012b6dd37279b1f695ed1b01725f85fd94b38/ruff-0.14.8-py3-none-macosx_10_12_x86_64.whl", hash = "sha256:8cdb162a7159f4ca36ce980a18c43d8f036966e7f73f866ac8f493b75e0c27e9", size = 13669384, upload-time = "2025-12-04T15:06:51.809Z" },
    { url = "https://files.pythonhosted.org/packages/72/64/3eb5949169fc19c50c04f28ece2c189d3b6edd57e5b533649dae6ca484fe/ruff-0.14.8-py3-none-macosx_11_0_arm64.whl", hash = "sha256:2e2fcbefe91f9fad0916850edf0854530c15bd1926b6b779de47e9ab619ea38f", size = 12806917, upload-time = "2025-12-04T15:06:08.925Z" },
    { url = "https://files.pythonhosted.org/packages/c4/08/5250babb0b1b11910f470370ec0cbc67470231f7cdc033cee57d4976f941/ruff-0.14.8-py3-none-manylinux_2_17_aarch64.manylinux2014_aarch64.whl", hash = "sha256:a9d70721066a296f45786ec31916dc287b44040f553da21564de0ab4d45a869b", size = 13256112, upload-time = "2025-12-04T15:06:23.498Z" },
    { url = "https://files.pythonhosted.org/packages/78/4c/6c588e97a8e8c2d4b522c31a579e1df2b4d003eddfbe23d1f262b1a431ff/ruff-0.14.8-py3-none-manylinux_2_17_armv7l.manylinux2014_armv7l.whl", hash = "sha256:2c87e09b3cd9d126fc67a9ecd3b5b1d3ded2b9c7fce3f16e315346b9d05cfb52", size = 13227559, upload-time = "2025-12-04T15:06:33.432Z" },
    { url = "https://files.pythonhosted.org/packages/23/ce/5f78cea13eda8eceac71b5f6fa6e9223df9b87bb2c1891c166d1f0dce9f1/ruff-0.14.8-py3-none-manylinux_2_17_i686.manylinux2014_i686.whl", hash = "sha256:1d62cb310c4fbcb9ee4ac023fe17f984ae1e12b8a4a02e3d21489f9a2a5f730c", size = 13896379, upload-time = "2025-12-04T15:06:02.687Z" },
    { url = "https://files.pythonhosted.org/packages/cf/79/13de4517c4dadce9218a20035b21212a4c180e009507731f0d3b3f5df85a/ruff-0.14.8-py3-none-manylinux_2_17_ppc64.manylinux2014_ppc64.whl", hash = "sha256:1af35c2d62633d4da0521178e8a2641c636d2a7153da0bac1b30cfd4ccd91344", size = 15372786, upload-time = "2025-12-04T15:06:29.828Z" },
    { url = "https://files.pythonhosted.org/packages/00/06/33df72b3bb42be8a1c3815fd4fae83fa2945fc725a25d87ba3e42d1cc108/ruff-0.14.8-py3-none-manylinux_2_17_ppc64le.manylinux2014_ppc64le.whl", hash = "sha256:25add4575ffecc53d60eed3f24b1e934493631b48ebbc6ebaf9d8517924aca4b", size = 14990029, upload-time = "2025-12-04T15:06:36.812Z" },
    { url = "https://files.pythonhosted.org/packages/64/61/0f34927bd90925880394de0e081ce1afab66d7b3525336f5771dcf0cb46c/ruff-0.14.8-py3-none-manylinux_2_17_s390x.manylinux2014_s390x.whl", hash = "sha256:4c943d847b7f02f7db4201a0600ea7d244d8a404fbb639b439e987edcf2baf9a", size = 14407037, upload-time = "2025-12-04T15:06:39.979Z" },
    { url = "https://files.pythonhosted.org/packages/96/bc/058fe0aefc0fbf0d19614cb6d1a3e2c048f7dc77ca64957f33b12cfdc5ef/ruff-0.14.8-py3-none-manylinux_2_17_x86_64.manylinux2014_x86_64.whl", hash = "sha256:cb6e8bf7b4f627548daa1b69283dac5a296bfe9ce856703b03130732e20ddfe2", size = 14102390, upload-time = "2025-12-04T15:06:46.372Z" },
    { url = "https://files.pythonhosted.org/packages/af/a4/e4f77b02b804546f4c17e8b37a524c27012dd6ff05855d2243b49a7d3cb9/ruff-0.14.8-py3-none-manylinux_2_31_riscv64.whl", hash = "sha256:7aaf2974f378e6b01d1e257c6948207aec6a9b5ba53fab23d0182efb887a0e4a", size = 14230793, upload-time = "2025-12-04T15:06:20.497Z" },
    { url = "https://files.pythonhosted.org/packages/3f/52/bb8c02373f79552e8d087cedaffad76b8892033d2876c2498a2582f09dcf/ruff-0.14.8-py3-none-musllinux_1_2_aarch64.whl", hash = "sha256:e5758ca513c43ad8a4ef13f0f081f80f08008f410790f3611a21a92421ab045b", size = 13160039, upload-time = "2025-12-04T15:06:49.06Z" },
    { url = "https://files.pythonhosted.org/packages/1f/ad/b69d6962e477842e25c0b11622548df746290cc6d76f9e0f4ed7456c2c31/ruff-0.14.8-py3-none-musllinux_1_2_armv7l.whl", hash = "sha256:f74f7ba163b6e85a8d81a590363bf71618847e5078d90827749bfda1d88c9cdf", size = 13205158, upload-time = "2025-12-04T15:06:54.574Z" },
    { url = "https://files.pythonhosted.org/packages/06/63/54f23da1315c0b3dfc1bc03fbc34e10378918a20c0b0f086418734e57e74/ruff-0.14.8-py3-none-musllinux_1_2_i686.whl", hash = "sha256:eed28f6fafcc9591994c42254f5a5c5ca40e69a30721d2ab18bb0bb3baac3ab6", size = 13469550, upload-time = "2025-12-04T15:05:59.209Z" },
    { url = "https://files.pythonhosted.org/packages/70/7d/a4d7b1961e4903bc37fffb7ddcfaa7beb250f67d97cfd1ee1d5cddb1ec90/ruff-0.14.8-py3-none-musllinux_1_2_x86_64.whl", hash = "sha256:21d48fa744c9d1cb8d71eb0a740c4dd02751a5de9db9a730a8ef75ca34cf138e", size = 14211332, upload-time = "2025-12-04T15:06:06.027Z" },
    { url = "https://files.pythonhosted.org/packages/5d/93/2a5063341fa17054e5c86582136e9895db773e3c2ffb770dde50a09f35f0/ruff-0.14.8-py3-none-win32.whl", hash = "sha256:15f04cb45c051159baebb0f0037f404f1dc2f15a927418f29730f411a79bc4e7", size = 13151890, upload-time = "2025-12-04T15:06:11.668Z" },
    { url = "https://files.pythonhosted.org/packages/02/1c/65c61a0859c0add13a3e1cbb6024b42de587456a43006ca2d4fd3d1618fe/ruff-0.14.8-py3-none-win_amd64.whl", hash = "sha256:9eeb0b24242b5bbff3011409a739929f497f3fb5fe3b5698aba5e77e8c833097", size = 14537826, upload-time = "2025-12-04T15:06:26.409Z" },
    { url = "https://files.pythonhosted.org/packages/6d/63/8b41cea3afd7f58eb64ac9251668ee0073789a3bc9ac6f816c8c6fef986d/ruff-0.14.8-py3-none-win_arm64.whl", hash = "sha256:965a582c93c63fe715fd3e3f8aa37c4b776777203d8e1d8aa3cc0c14424a4b99", size = 13634522, upload-time = "2025-12-04T15:06:43.212Z" },
]

[[package]]
name = "smbus"
version = "1.1.post2"
source = { registry = "https://pypi.org/simple" }
sdist = { url = "https://files.pythonhosted.org/packages/4d/5c/70e14aa4f0c586efc017e1d1aa6e2f7921eefc7602fc2d03368ff912aa91/smbus-1.1.post2.tar.gz", hash = "sha256:f96d345e0aa10053a8a4917634f1dc37ba1f656fa5cace7629b71777e90855c6", size = 104988, upload-time = "2019-03-08T16:25:59.532Z" }

[[package]]
name = "smbus2"
version = "0.5.0"
source = { registry = "https://pypi.org/simple" }
sdist = { url = "https://files.pythonhosted.org/packages/10/c9/6d85aa809e107adf85303010a59b340be109c8f815cbedc5c08c73bcffef/smbus2-0.5.0.tar.gz", hash = "sha256:4a5946fd82277870c2878befdb1a29bb28d15cda14ea4d8d2d54cf3d4bdcb035", size = 16950, upload-time = "2024-10-19T09:20:56.746Z" }
wheels = [
    { url = "https://files.pythonhosted.org/packages/85/9f/2235ba9001e3c29fc342eeb222104420bcb7bac51555f0c034376a744075/smbus2-0.5.0-py2.py3-none-any.whl", hash = "sha256:1a15c3b9fa69357beb038cc0b5d37939702f8bfde1ddc89ca9f17d8461dbe949", size = 11527, upload-time = "2024-10-19T09:20:55.202Z" },
]
